// !$*UTF8*$!
{
	archiveVersion = 1;
	classes = {
	};
	objectVersion = 50;
	objects = {

/* Begin PBXBuildFile section */
		04DF04AB2377396B00A7EB26 /* AppDelegate.swift in Sources */ = {isa = PBXBuildFile; fileRef = 04DF04AA2377396B00A7EB26 /* AppDelegate.swift */; };
		04DF04AD2377396B00A7EB26 /* SceneDelegate.swift in Sources */ = {isa = PBXBuildFile; fileRef = 04DF04AC2377396B00A7EB26 /* SceneDelegate.swift */; };
		04DF04AF2377396B00A7EB26 /* ContentView.swift in Sources */ = {isa = PBXBuildFile; fileRef = 04DF04AE2377396B00A7EB26 /* ContentView.swift */; };
		04DF04B12377396C00A7EB26 /* Assets.xcassets in Resources */ = {isa = PBXBuildFile; fileRef = 04DF04B02377396C00A7EB26 /* Assets.xcassets */; };
		04DF04B42377396C00A7EB26 /* Preview Assets.xcassets in Resources */ = {isa = PBXBuildFile; fileRef = 04DF04B32377396C00A7EB26 /* Preview Assets.xcassets */; };
		04DF04B72377396C00A7EB26 /* LaunchScreen.storyboard in Resources */ = {isa = PBXBuildFile; fileRef = 04DF04B52377396C00A7EB26 /* LaunchScreen.storyboard */; };
		04DF04BF2377398800A7EB26 /* Main.storyboard in Resources */ = {isa = PBXBuildFile; fileRef = 04DF04BE2377398800A7EB26 /* Main.storyboard */; };
/* End PBXBuildFile section */

/* Begin PBXFileReference section */
		04DF04A72377396B00A7EB26 /* MySettings.app */ = {isa = PBXFileReference; explicitFileType = wrapper.application; includeInIndex = 0; path = MySettings.app; sourceTree = BUILT_PRODUCTS_DIR; };
		04DF04AA2377396B00A7EB26 /* AppDelegate.swift */ = {isa = PBXFileReference; lastKnownFileType = sourcecode.swift; path = AppDelegate.swift; sourceTree = "<group>"; };
		04DF04AC2377396B00A7EB26 /* SceneDelegate.swift */ = {isa = PBXFileReference; lastKnownFileType = sourcecode.swift; path = SceneDelegate.swift; sourceTree = "<group>"; };
		04DF04AE2377396B00A7EB26 /* ContentView.swift */ = {isa = PBXFileReference; lastKnownFileType = sourcecode.swift; path = ContentView.swift; sourceTree = "<group>"; };
		04DF04B02377396C00A7EB26 /* Assets.xcassets */ = {isa = PBXFileReference; lastKnownFileType = folder.assetcatalog; path = Assets.xcassets; sourceTree = "<group>"; };
		04DF04B32377396C00A7EB26 /* Preview Assets.xcassets */ = {isa = PBXFileReference; lastKnownFileType = folder.assetcatalog; path = "Preview Assets.xcassets"; sourceTree = "<group>"; };
		04DF04B62377396C00A7EB26 /* Base */ = {isa = PBXFileReference; lastKnownFileType = file.storyboard; name = Base; path = Base.lproj/LaunchScreen.storyboard; sourceTree = "<group>"; };
		04DF04B82377396C00A7EB26 /* Info.plist */ = {isa = PBXFileReference; lastKnownFileType = text.plist.xml; path = Info.plist; sourceTree = "<group>"; };
		04DF04BE2377398800A7EB26 /* Main.storyboard */ = {isa = PBXFileReference; lastKnownFileType = file.storyboard; path = Main.storyboard; sourceTree = "<group>"; };
/* End PBXFileReference section */

/* Begin PBXFrameworksBuildPhase section */
		04DF04A42377396B00A7EB26 /* Frameworks */ = {
			isa = PBXFrameworksBuildPhase;
			buildActionMask = 2147483647;
			files = (
			);
			runOnlyForDeploymentPostprocessing = 0;
		};
/* End PBXFrameworksBuildPhase section */

/* Begin PBXGroup section */
		04DF049E2377396B00A7EB26 = {
			isa = PBXGroup;
			children = (
				04DF04A92377396B00A7EB26 /* MySettings */,
				04DF04A82377396B00A7EB26 /* Products */,
			);
			sourceTree = "<group>";
		};
		04DF04A82377396B00A7EB26 /* Products */ = {
			isa = PBXGroup;
			children = (
				04DF04A72377396B00A7EB26 /* MySettings.app */,
			);
			name = Products;
			sourceTree = "<group>";
		};
		04DF04A92377396B00A7EB26 /* MySettings */ = {
			isa = PBXGroup;
			children = (
				04DF04AA2377396B00A7EB26 /* AppDelegate.swift */,
				04DF04AC2377396B00A7EB26 /* SceneDelegate.swift */,
				04DF04AE2377396B00A7EB26 /* ContentView.swift */,
				04DF04B02377396C00A7EB26 /* Assets.xcassets */,
				04DF04BE2377398800A7EB26 /* Main.storyboard */,
				04DF04B52377396C00A7EB26 /* LaunchScreen.storyboard */,
				04DF04B82377396C00A7EB26 /* Info.plist */,
				04DF04B22377396C00A7EB26 /* Preview Content */,
			);
			path = MySettings;
			sourceTree = "<group>";
		};
		04DF04B22377396C00A7EB26 /* Preview Content */ = {
			isa = PBXGroup;
			children = (
				04DF04B32377396C00A7EB26 /* Preview Assets.xcassets */,
			);
			path = "Preview Content";
			sourceTree = "<group>";
		};
/* End PBXGroup section */

/* Begin PBXNativeTarget section */
		04DF04A62377396B00A7EB26 /* MySettings */ = {
			isa = PBXNativeTarget;
			buildConfigurationList = 04DF04BB2377396C00A7EB26 /* Build configuration list for PBXNativeTarget "MySettings" */;
			buildPhases = (
				04DF04A32377396B00A7EB26 /* Sources */,
				04DF04A42377396B00A7EB26 /* Frameworks */,
				04DF04A52377396B00A7EB26 /* Resources */,
			);
			buildRules = (
			);
			dependencies = (
			);
			name = MySettings;
			productName = MySettings;
			productReference = 04DF04A72377396B00A7EB26 /* MySettings.app */;
			productType = "com.apple.product-type.application";
		};
/* End PBXNativeTarget section */

/* Begin PBXProject section */
		04DF049F2377396B00A7EB26 /* Project object */ = {
			isa = PBXProject;
			attributes = {
				LastSwiftUpdateCheck = 1120;
				LastUpgradeCheck = 1120;
				ORGANIZATIONNAME = barrynailor;
				TargetAttributes = {
					04DF04A62377396B00A7EB26 = {
						CreatedOnToolsVersion = 11.2;
					};
				};
			};
			buildConfigurationList = 04DF04A22377396B00A7EB26 /* Build configuration list for PBXProject "MySettings" */;
			compatibilityVersion = "Xcode 9.3";
			developmentRegion = en;
			hasScannedForEncodings = 0;
			knownRegions = (
				en,
				Base,
			);
			mainGroup = 04DF049E2377396B00A7EB26;
			productRefGroup = 04DF04A82377396B00A7EB26 /* Products */;
			projectDirPath = "";
			projectRoot = "";
			targets = (
				04DF04A62377396B00A7EB26 /* MySettings */,
			);
		};
/* End PBXProject section */

/* Begin PBXResourcesBuildPhase section */
		04DF04A52377396B00A7EB26 /* Resources */ = {
			isa = PBXResourcesBuildPhase;
			buildActionMask = 2147483647;
			files = (
				04DF04B72377396C00A7EB26 /* LaunchScreen.storyboard in Resources */,
				04DF04BF2377398800A7EB26 /* Main.storyboard in Resources */,
				04DF04B42377396C00A7EB26 /* Preview Assets.xcassets in Resources */,
				04DF04B12377396C00A7EB26 /* Assets.xcassets in Resources */,
			);
			runOnlyForDeploymentPostprocessing = 0;
		};
/* End PBXResourcesBuildPhase section */

/* Begin PBXSourcesBuildPhase section */
		04DF04A32377396B00A7EB26 /* Sources */ = {
			isa = PBXSourcesBuildPhase;
			buildActionMask = 2147483647;
			files = (
				04DF04AB2377396B00A7EB26 /* AppDelegate.swift in Sources */,
				04DF04AD2377396B00A7EB26 /* SceneDelegate.swift in Sources */,
				04DF04AF2377396B00A7EB26 /* ContentView.swift in Sources */,
			);
			runOnlyForDeploymentPostprocessing = 0;
		};
/* End PBXSourcesBuildPhase section */

/* Begin PBXVariantGroup section */
		04DF04B52377396C00A7EB26 /* LaunchScreen.storyboard */ = {
			isa = PBXVariantGroup;
			children = (
				04DF04B62377396C00A7EB26 /* Base */,
			);
			name = LaunchScreen.storyboard;
			sourceTree = "<group>";
		};
/* End PBXVariantGroup section */

/* Begin XCBuildConfiguration section */
		04DF04B92377396C00A7EB26 /* Debug */ = {
			isa = XCBuildConfiguration;
			buildSettings = {
				ALWAYS_SEARCH_USER_PATHS = NO;
				CLANG_ANALYZER_NONNULL = YES;
				CLANG_ANALYZER_NUMBER_OBJECT_CONVERSION = YES_AGGRESSIVE;
				CLANG_CXX_LANGUAGE_STANDARD = "gnu++14";
				CLANG_CXX_LIBRARY = "libc++";
				CLANG_ENABLE_MODULES = YES;
				CLANG_ENABLE_OBJC_ARC = YES;
				CLANG_ENABLE_OBJC_WEAK = YES;
				CLANG_WARN_BLOCK_CAPTURE_AUTORELEASING = YES;
				CLANG_WARN_BOOL_CONVERSION = YES;
				CLANG_WARN_COMMA = YES;
				CLANG_WARN_CONSTANT_CONVERSION = YES;
				CLANG_WARN_DEPRECATED_OBJC_IMPLEMENTATIONS = YES;
				CLANG_WARN_DIRECT_OBJC_ISA_USAGE = YES_ERROR;
				CLANG_WARN_DOCUMENTATION_COMMENTS = YES;
				CLANG_WARN_EMPTY_BODY = YES;
				CLANG_WARN_ENUM_CONVERSION = YES;
				CLANG_WARN_INFINITE_RECURSION = YES;
				CLANG_WARN_INT_CONVERSION = YES;
				CLANG_WARN_NON_LITERAL_NULL_CONVERSION = YES;
				CLANG_WARN_OBJC_IMPLICIT_RETAIN_SELF = YES;
				CLANG_WARN_OBJC_LITERAL_CONVERSION = YES;
				CLANG_WARN_OBJC_ROOT_CLASS = YES_ERROR;
				CLANG_WARN_RANGE_LOOP_ANALYSIS = YES;
				CLANG_WARN_STRICT_PROTOTYPES = YES;
				CLANG_WARN_SUSPICIOUS_MOVE = YES;
				CLANG_WARN_UNGUARDED_AVAILABILITY = YES_AGGRESSIVE;
				CLANG_WARN_UNREACHABLE_CODE = YES;
				CLANG_WARN__DUPLICATE_METHOD_MATCH = YES;
				COPY_PHASE_STRIP = NO;
				DEBUG_INFORMATION_FORMAT = dwarf;
				ENABLE_STRICT_OBJC_MSGSEND = YES;
				ENABLE_TESTABILITY = YES;
				GCC_C_LANGUAGE_STANDARD = gnu11;
				GCC_DYNAMIC_NO_PIC = NO;
				GCC_NO_COMMON_BLOCKS = YES;
				GCC_OPTIMIZATION_LEVEL = 0;
				GCC_PREPROCESSOR_DEFINITIONS = (
					"DEBUG=1",
					"$(inherited)",
				);
				GCC_WARN_64_TO_32_BIT_CONVERSION = YES;
				GCC_WARN_ABOUT_RETURN_TYPE = YES_ERROR;
				GCC_WARN_UNDECLARED_SELECTOR = YES;
				GCC_WARN_UNINITIALIZED_AUTOS = YES_AGGRESSIVE;
				GCC_WARN_UNUSED_FUNCTION = YES;
				GCC_WARN_UNUSED_VARIABLE = YES;
				IPHONEOS_DEPLOYMENT_TARGET = 13.2;
				MTL_ENABLE_DEBUG_INFO = INCLUDE_SOURCE;
				MTL_FAST_MATH = YES;
				ONLY_ACTIVE_ARCH = YES;
				SDKROOT = iphoneos;
				SWIFT_ACTIVE_COMPILATION_CONDITIONS = DEBUG;
				SWIFT_OPTIMIZATION_LEVEL = "-Onone";
			};
			name = Debug;
		};
		04DF04BA2377396C00A7EB26 /* Release */ = {
			isa = XCBuildConfiguration;
			buildSettings = {
				ALWAYS_SEARCH_USER_PATHS = NO;
				CLANG_ANALYZER_NONNULL = YES;
				CLANG_ANALYZER_NUMBER_OBJECT_CONVERSION = YES_AGGRESSIVE;
				CLANG_CXX_LANGUAGE_STANDARD = "gnu++14";
				CLANG_CXX_LIBRARY = "libc++";
				CLANG_ENABLE_MODULES = YES;
				CLANG_ENABLE_OBJC_ARC = YES;
				CLANG_ENABLE_OBJC_WEAK = YES;
				CLANG_WARN_BLOCK_CAPTURE_AUTORELEASING = YES;
				CLANG_WARN_BOOL_CONVERSION = YES;
				CLANG_WARN_COMMA = YES;
				CLANG_WARN_CONSTANT_CONVERSION = YES;
				CLANG_WARN_DEPRECATED_OBJC_IMPLEMENTATIONS = YES;
				CLANG_WARN_DIRECT_OBJC_ISA_USAGE = YES_ERROR;
				CLANG_WARN_DOCUMENTATION_COMMENTS = YES;
				CLANG_WARN_EMPTY_BODY = YES;
				CLANG_WARN_ENUM_CONVERSION = YES;
				CLANG_WARN_INFINITE_RECURSION = YES;
				CLANG_WARN_INT_CONVERSION = YES;
				CLANG_WARN_NON_LITERAL_NULL_CONVERSION = YES;
				CLANG_WARN_OBJC_IMPLICIT_RETAIN_SELF = YES;
				CLANG_WARN_OBJC_LITERAL_CONVERSION = YES;
				CLANG_WARN_OBJC_ROOT_CLASS = YES_ERROR;
				CLANG_WARN_RANGE_LOOP_ANALYSIS = YES;
				CLANG_WARN_STRICT_PROTOTYPES = YES;
				CLANG_WARN_SUSPICIOUS_MOVE = YES;
				CLANG_WARN_UNGUARDED_AVAILABILITY = YES_AGGRESSIVE;
				CLANG_WARN_UNREACHABLE_CODE = YES;
				CLANG_WARN__DUPLICATE_METHOD_MATCH = YES;
				COPY_PHASE_STRIP = NO;
				DEBUG_INFORMATION_FORMAT = "dwarf-with-dsym";
				ENABLE_NS_ASSERTIONS = NO;
				ENABLE_STRICT_OBJC_MSGSEND = YES;
				GCC_C_LANGUAGE_STANDARD = gnu11;
				GCC_NO_COMMON_BLOCKS = YES;
				GCC_WARN_64_TO_32_BIT_CONVERSION = YES;
				GCC_WARN_ABOUT_RETURN_TYPE = YES_ERROR;
				GCC_WARN_UNDECLARED_SELECTOR = YES;
				GCC_WARN_UNINITIALIZED_AUTOS = YES_AGGRESSIVE;
				GCC_WARN_UNUSED_FUNCTION = YES;
				GCC_WARN_UNUSED_VARIABLE = YES;
				IPHONEOS_DEPLOYMENT_TARGET = 13.2;
				MTL_ENABLE_DEBUG_INFO = NO;
				MTL_FAST_MATH = YES;
				SDKROOT = iphoneos;
				SWIFT_COMPILATION_MODE = wholemodule;
				SWIFT_OPTIMIZATION_LEVEL = "-O";
				VALIDATE_PRODUCT = YES;
			};
			name = Release;
		};
		04DF04BC2377396C00A7EB26 /* Debug */ = {
			isa = XCBuildConfiguration;
			buildSettings = {
				ASSETCATALOG_COMPILER_APPICON_NAME = AppIcon;
				CODE_SIGN_STYLE = Automatic;
				DEVELOPMENT_ASSET_PATHS = "\"MySettings/Preview Content\"";
				ENABLE_PREVIEWS = YES;
				INFOPLIST_FILE = MySettings/Info.plist;
				LD_RUNPATH_SEARCH_PATHS = (
					"$(inherited)",
					"@executable_path/Frameworks",
				);
				PRODUCT_BUNDLE_IDENTIFIER = com.barrynailor.MySettings;
				PRODUCT_NAME = "$(TARGET_NAME)";
				SWIFT_VERSION = 5.0;
				TARGETED_DEVICE_FAMILY = "1,2";
			};
			name = Debug;
		};
		04DF04BD2377396C00A7EB26 /* Release */ = {
			isa = XCBuildConfiguration;
			buildSettings = {
				ASSETCATALOG_COMPILER_APPICON_NAME = AppIcon;
				CODE_SIGN_STYLE = Automatic;
				DEVELOPMENT_ASSET_PATHS = "\"MySettings/Preview Content\"";
				ENABLE_PREVIEWS = YES;
				INFOPLIST_FILE = MySettings/Info.plist;
				LD_RUNPATH_SEARCH_PATHS = (
					"$(inherited)",
					"@executable_path/Frameworks",
				);
				PRODUCT_BUNDLE_IDENTIFIER = com.barrynailor.MySettings;
				PRODUCT_NAME = "$(TARGET_NAME)";
				SWIFT_VERSION = 5.0;
				TARGETED_DEVICE_FAMILY = "1,2";
			};
			name = Release;
		};
/* End XCBuildConfiguration section */

/* Begin XCConfigurationList section */
		04DF04A22377396B00A7EB26 /* Build configuration list for PBXProject "MySettings" */ = {
			isa = XCConfigurationList;
			buildConfigurations = (
				04DF04B92377396C00A7EB26 /* Debug */,
				04DF04BA2377396C00A7EB26 /* Release */,
			);
			defaultConfigurationIsVisible = 0;
			defaultConfigurationName = Release;
		};
		04DF04BB2377396C00A7EB26 /* Build configuration list for PBXNativeTarget "MySettings" */ = {
			isa = XCConfigurationList;
			buildConfigurations = (
				04DF04BC2377396C00A7EB26 /* Debug */,
				04DF04BD2377396C00A7EB26 /* Release */,
			);
			defaultConfigurationIsVisible = 0;
			defaultConfigurationName = Release;
		};
/* End XCConfigurationList section */
	};
	rootObject = 04DF049F2377396B00A7EB26 /* Project object */;
}
